
Microsoft Visual Studio Solution File, Format Version 12.00
# Visual Studio 14
VisualStudioVersion = 14.0.25420.1
MinimumVisualStudioVersion = 10.0.40219.1
Project("{FAE04EC0-301F-11D3-BF4B-00C04F79EFBC}") = "MyCalcLib", "MyCalcLib\MyCalcLib.csproj", "{CCEDF53D-DEE1-4F48-A7B4-564AECAD0AA3}"
EndProject
Project("{FAE04EC0-301F-11D3-BF4B-00C04F79EFBC}") = "MyCalcLibTests", "MyCalcLibTests\MyCalcLibTests.csproj", "{D0A0208E-D164-4BC4-B46B-10F0697D0D9C}"
EndProject
Global
	GlobalSection(SolutionConfigurationPlatforms) = preSolution
		Debug|Any CPU = Debug|Any CPU
		Release|Any CPU = Release|Any CPU
	EndGlobalSection
	GlobalSection(ProjectConfigurationPlatforms) = postSolution
		{CCEDF53D-DEE1-4F48-A7B4-564AECAD0AA3}.Debug|Any CPU.ActiveCfg = Debug|Any CPU
		{CCEDF53D-DEE1-4F48-A7B4-564AECAD0AA3}.Debug|Any CPU.Build.0 = Debug|Any CPU
		{CCEDF53D-DEE1-4F48-A7B4-564AECAD0AA3}.Release|Any CPU.ActiveCfg = Release|Any CPU
		{CCEDF53D-DEE1-4F48-A7B4-564AECAD0AA3}.Release|Any CPU.Build.0 = Release|Any CPU
		{D0A0208E-D164-4BC4-B46B-10F0697D0D9C}.Debug|Any CPU.ActiveCfg = Debug|Any CPU
		{D0A0208E-D164-4BC4-B46B-10F0697D0D9C}.Debug|Any CPU.Build.0 = Debug|Any CPU
		{D0A0208E-D164-4BC4-B46B-10F0697D0D9C}.Release|Any CPU.ActiveCfg = Release|Any CPU
		{D0A0208E-D164-4BC4-B46B-10F0697D0D9C}.Release|Any CPU.Build.0 = Release|Any CPU
	EndGlobalSection
	GlobalSection(SolutionProperties) = preSolution
		HideSolutionNode = FALSE
	EndGlobalSection
EndGlobal
