
Microsoft Visual Studio Solution File, Format Version 12.00
# Visual Studio 14
VisualStudioVersion = 14.0.25420.1
MinimumVisualStudioVersion = 10.0.40219.1
Project("{FAE04EC0-301F-11D3-BF4B-00C04F79EFBC}") = "DeploymentItemAttributeSample", "DeploymentItemAttributeSample\DeploymentItemAttributeSample.csproj", "{BDECC070-6C92-4AC3-B2D1-C3ABA5F1CD5D}"
EndProject
Project("{FAE04EC0-301F-11D3-BF4B-00C04F79EFBC}") = "DeploymentItemAttributeSampleTests", "DeploymentItemAttributeSampleTests\DeploymentItemAttributeSampleTests.csproj", "{2E8215E5-151C-4418-8898-90F7D6095413}"
EndProject
Global
	GlobalSection(SolutionConfigurationPlatforms) = preSolution
		Debug|Any CPU = Debug|Any CPU
		Release|Any CPU = Release|Any CPU
	EndGlobalSection
	GlobalSection(ProjectConfigurationPlatforms) = postSolution
		{BDECC070-6C92-4AC3-B2D1-C3ABA5F1CD5D}.Debug|Any CPU.ActiveCfg = Debug|Any CPU
		{BDECC070-6C92-4AC3-B2D1-C3ABA5F1CD5D}.Debug|Any CPU.Build.0 = Debug|Any CPU
		{BDECC070-6C92-4AC3-B2D1-C3ABA5F1CD5D}.Release|Any CPU.ActiveCfg = Release|Any CPU
		{BDECC070-6C92-4AC3-B2D1-C3ABA5F1CD5D}.Release|Any CPU.Build.0 = Release|Any CPU
		{2E8215E5-151C-4418-8898-90F7D6095413}.Debug|Any CPU.ActiveCfg = Debug|Any CPU
		{2E8215E5-151C-4418-8898-90F7D6095413}.Debug|Any CPU.Build.0 = Debug|Any CPU
		{2E8215E5-151C-4418-8898-90F7D6095413}.Release|Any CPU.ActiveCfg = Release|Any CPU
		{2E8215E5-151C-4418-8898-90F7D6095413}.Release|Any CPU.Build.0 = Release|Any CPU
	EndGlobalSection
	GlobalSection(SolutionProperties) = preSolution
		HideSolutionNode = FALSE
	EndGlobalSection
EndGlobal
